// !$*UTF8*$!
{
	archiveVersion = 1;
	classes = {
	};
	objectVersion = 50;
	objects = {

/* Begin PBXBuildFile section */
		0DE26DB920B1691B00A54B9E /* AppDelegate.m in Sources */ = {isa = PBXBuildFile; fileRef = 0DE26DB820B1691B00A54B9E /* AppDelegate.m */; };
		0DE26DBC20B1691B00A54B9E /* ViewController.m in Sources */ = {isa = PBXBuildFile; fileRef = 0DE26DBB20B1691B00A54B9E /* ViewController.m */; };
		0DE26DBF20B1691B00A54B9E /* Main.storyboard in Resources */ = {isa = PBXBuildFile; fileRef = 0DE26DBD20B1691B00A54B9E /* Main.storyboard */; };
		0DE26DC120B1691B00A54B9E /* Assets.xcassets in Resources */ = {isa = PBXBuildFile; fileRef = 0DE26DC020B1691B00A54B9E /* Assets.xcassets */; };
		0DE26DC420B1691B00A54B9E /* LaunchScreen.storyboard in Resources */ = {isa = PBXBuildFile; fileRef = 0DE26DC220B1691B00A54B9E /* LaunchScreen.storyboard */; };
		0DE26DC720B1691B00A54B9E /* main.m in Sources */ = {isa = PBXBuildFile; fileRef = 0DE26DC620B1691B00A54B9E /* main.m */; };
		0DE26E0820B16B2700A54B9E /* Lottie.framework in Frameworks */ = {isa = PBXBuildFile; fileRef = 0DE26DFF20B16B1D00A54B9E /* Lottie.framework */; };
		0DE26E0920B16B2D00A54B9E /* libLottie.a in Frameworks */ = {isa = PBXBuildFile; fileRef = 0DE26E0520B16B1D00A54B9E /* libLottie.a */; };
		C5D165AE2112F0B3004F9F14 /* Lottie_Canvas_Dropdown_01.json in Resources */ = {isa = PBXBuildFile; fileRef = C5D165A82112F0B3004F9F14 /* Lottie_Canvas_Dropdown_01.json */; };
/* End PBXBuildFile section */

/* Begin PBXContainerItemProxy section */
		0DE26DFE20B16B1D00A54B9E /* PBXContainerItemProxy */ = {
			isa = PBXContainerItemProxy;
			containerPortal = 0DE26DF620B16B1D00A54B9E /* Lottie.xcodeproj */;
			proxyType = 2;
			remoteGlobalIDString = 62CA59B81E3C173B002D7188;
			remoteInfo = Lottie_iOS;
		};
		0DE26E0020B16B1D00A54B9E /* PBXContainerItemProxy */ = {
			isa = PBXContainerItemProxy;
			containerPortal = 0DE26DF620B16B1D00A54B9E /* Lottie.xcodeproj */;
			proxyType = 2;
			remoteGlobalIDString = FAE1F7E61E428CBE002E0974;
			remoteInfo = Lottie_macOS;
		};
		0DE26E0220B16B1D00A54B9E /* PBXContainerItemProxy */ = {
			isa = PBXContainerItemProxy;
			containerPortal = 0DE26DF620B16B1D00A54B9E /* Lottie.xcodeproj */;
			proxyType = 2;
			remoteGlobalIDString = 8C5379761FB471D100C1BC65;
			remoteInfo = Lottie_tvOS;
		};
		0DE26E0420B16B1D00A54B9E /* PBXContainerItemProxy */ = {
			isa = PBXContainerItemProxy;
			containerPortal = 0DE26DF620B16B1D00A54B9E /* Lottie.xcodeproj */;
			proxyType = 2;
			remoteGlobalIDString = 84FE12EF1E4C1485009B157C;
			remoteInfo = LottieLibraryIOS;
		};
		0DE26E0620B16B1D00A54B9E /* PBXContainerItemProxy */ = {
			isa = PBXContainerItemProxy;
			containerPortal = 0DE26DF620B16B1D00A54B9E /* Lottie.xcodeproj */;
			proxyType = 2;
			remoteGlobalIDString = 6445B0D5207E0D4D00D84F6A;
			remoteInfo = LottieLibraryMacOS;
		};
/* End PBXContainerItemProxy section */

/* Begin PBXFileReference section */
		0DE26DB420B1691B00A54B9E /* LottiePlayground.app */ = {isa = PBXFileReference; explicitFileType = wrapper.application; includeInIndex = 0; path = LottiePlayground.app; sourceTree = BUILT_PRODUCTS_DIR; };
		0DE26DB720B1691B00A54B9E /* AppDelegate.h */ = {isa = PBXFileReference; lastKnownFileType = sourcecode.c.h; path = AppDelegate.h; sourceTree = "<group>"; };
		0DE26DB820B1691B00A54B9E /* AppDelegate.m */ = {isa = PBXFileReference; lastKnownFileType = sourcecode.c.objc; path = AppDelegate.m; sourceTree = "<group>"; };
		0DE26DBA20B1691B00A54B9E /* ViewController.h */ = {isa = PBXFileReference; lastKnownFileType = sourcecode.c.h; path = ViewController.h; sourceTree = "<group>"; };
		0DE26DBB20B1691B00A54B9E /* ViewController.m */ = {isa = PBXFileReference; lastKnownFileType = sourcecode.c.objc; path = ViewController.m; sourceTree = "<group>"; };
		0DE26DBE20B1691B00A54B9E /* Base */ = {isa = PBXFileReference; lastKnownFileType = file.storyboard; name = Base; path = Base.lproj/Main.storyboard; sourceTree = "<group>"; };
		0DE26DC020B1691B00A54B9E /* Assets.xcassets */ = {isa = PBXFileReference; lastKnownFileType = folder.assetcatalog; path = Assets.xcassets; sourceTree = "<group>"; };
		0DE26DC320B1691B00A54B9E /* Base */ = {isa = PBXFileReference; lastKnownFileType = file.storyboard; name = Base; path = Base.lproj/LaunchScreen.storyboard; sourceTree = "<group>"; };
		0DE26DC520B1691B00A54B9E /* Info.plist */ = {isa = PBXFileReference; lastKnownFileType = text.plist.xml; path = Info.plist; sourceTree = "<group>"; };
		0DE26DC620B1691B00A54B9E /* main.m */ = {isa = PBXFileReference; lastKnownFileType = sourcecode.c.objc; path = main.m; sourceTree = "<group>"; };
		0DE26DF620B16B1D00A54B9E /* Lottie.xcodeproj */ = {isa = PBXFileReference; lastKnownFileType = "wrapper.pb-project"; name = Lottie.xcodeproj; path = "lottie-ios/Lottie.xcodeproj"; sourceTree = "<group>"; };
		C5D165A82112F0B3004F9F14 /* Lottie_Canvas_Dropdown_01.json */ = {isa = PBXFileReference; fileEncoding = 4; lastKnownFileType = text.json; path = Lottie_Canvas_Dropdown_01.json; sourceTree = "<group>"; };
/* End PBXFileReference section */

/* Begin PBXFrameworksBuildPhase section */
		0DE26DB120B1691B00A54B9E /* Frameworks */ = {
			isa = PBXFrameworksBuildPhase;
			buildActionMask = 2147483647;
			files = (
				0DE26E0920B16B2D00A54B9E /* libLottie.a in Frameworks */,
				0DE26E0820B16B2700A54B9E /* Lottie.framework in Frameworks */,
			);
			runOnlyForDeploymentPostprocessing = 0;
		};
/* End PBXFrameworksBuildPhase section */

/* Begin PBXGroup section */
		0DE26DAB20B1691B00A54B9E = {
			isa = PBXGroup;
			children = (
				0DE26DF620B16B1D00A54B9E /* Lottie.xcodeproj */,
				0DE26DB620B1691B00A54B9E /* LottiePlayground */,
				0DE26DB520B1691B00A54B9E /* Products */,
				0DE26DD920B1693100A54B9E /* Frameworks */,
			);
			sourceTree = "<group>";
		};
		0DE26DB520B1691B00A54B9E /* Products */ = {
			isa = PBXGroup;
			children = (
				0DE26DB420B1691B00A54B9E /* LottiePlayground.app */,
			);
			name = Products;
			sourceTree = "<group>";
		};
		0DE26DB620B1691B00A54B9E /* LottiePlayground */ = {
			isa = PBXGroup;
			children = (
				0DE26DB720B1691B00A54B9E /* AppDelegate.h */,
				0DE26DB820B1691B00A54B9E /* AppDelegate.m */,
				0DE26DBA20B1691B00A54B9E /* ViewController.h */,
				0DE26DBB20B1691B00A54B9E /* ViewController.m */,
				0DE26DBD20B1691B00A54B9E /* Main.storyboard */,
				0DE26DC020B1691B00A54B9E /* Assets.xcassets */,
				0DE26DC220B1691B00A54B9E /* LaunchScreen.storyboard */,
				0DE26DC520B1691B00A54B9E /* Info.plist */,
				0DE26DC620B1691B00A54B9E /* main.m */,
			);
			path = LottiePlayground;
			sourceTree = "<group>";
		};
		0DE26DD920B1693100A54B9E /* Frameworks */ = {
			isa = PBXGroup;
			children = (
				C5D165A82112F0B3004F9F14 /* Lottie_Canvas_Dropdown_01.json */,
			);
			name = Frameworks;
			sourceTree = "<group>";
		};
		0DE26DF720B16B1D00A54B9E /* Products */ = {
			isa = PBXGroup;
			children = (
				0DE26DFF20B16B1D00A54B9E /* Lottie.framework */,
				0DE26E0120B16B1D00A54B9E /* Lottie.framework */,
				0DE26E0320B16B1D00A54B9E /* Lottie.framework */,
				0DE26E0520B16B1D00A54B9E /* libLottie.a */,
				0DE26E0720B16B1D00A54B9E /* libLottie.a */,
			);
			name = Products;
			sourceTree = "<group>";
		};
/* End PBXGroup section */

/* Begin PBXNativeTarget section */
		0DE26DB320B1691B00A54B9E /* LottiePlayground */ = {
			isa = PBXNativeTarget;
			buildConfigurationList = 0DE26DCA20B1691B00A54B9E /* Build configuration list for PBXNativeTarget "LottiePlayground" */;
			buildPhases = (
				0DE26DB020B1691B00A54B9E /* Sources */,
				0DE26DB120B1691B00A54B9E /* Frameworks */,
				0DE26DB220B1691B00A54B9E /* Resources */,
			);
			buildRules = (
			);
			dependencies = (
			);
			name = LottiePlayground;
			productName = LottiePlayground;
			productReference = 0DE26DB420B1691B00A54B9E /* LottiePlayground.app */;
			productType = "com.apple.product-type.application";
		};
/* End PBXNativeTarget section */

/* Begin PBXProject section */
		0DE26DAC20B1691B00A54B9E /* Project object */ = {
			isa = PBXProject;
			attributes = {
				LastUpgradeCheck = 0930;
				ORGANIZATIONNAME = "zur tene";
				TargetAttributes = {
					0DE26DB320B1691B00A54B9E = {
						CreatedOnToolsVersion = 9.3.1;
					};
				};
			};
			buildConfigurationList = 0DE26DAF20B1691B00A54B9E /* Build configuration list for PBXProject "LottiePlayground" */;
			compatibilityVersion = "Xcode 9.3";
			developmentRegion = en;
			hasScannedForEncodings = 0;
			knownRegions = (
				en,
				Base,
			);
			mainGroup = 0DE26DAB20B1691B00A54B9E;
			productRefGroup = 0DE26DB520B1691B00A54B9E /* Products */;
			projectDirPath = "";
			projectReferences = (
				{
					ProductGroup = 0DE26DF720B16B1D00A54B9E /* Products */;
					ProjectRef = 0DE26DF620B16B1D00A54B9E /* Lottie.xcodeproj */;
				},
			);
			projectRoot = "";
			targets = (
				0DE26DB320B1691B00A54B9E /* LottiePlayground */,
			);
		};
/* End PBXProject section */

/* Begin PBXReferenceProxy section */
		0DE26DFF20B16B1D00A54B9E /* Lottie.framework */ = {
			isa = PBXReferenceProxy;
			fileType = wrapper.framework;
			path = Lottie.framework;
			remoteRef = 0DE26DFE20B16B1D00A54B9E /* PBXContainerItemProxy */;
			sourceTree = BUILT_PRODUCTS_DIR;
		};
		0DE26E0120B16B1D00A54B9E /* Lottie.framework */ = {
			isa = PBXReferenceProxy;
			fileType = wrapper.framework;
			path = Lottie.framework;
			remoteRef = 0DE26E0020B16B1D00A54B9E /* PBXContainerItemProxy */;
			sourceTree = BUILT_PRODUCTS_DIR;
		};
		0DE26E0320B16B1D00A54B9E /* Lottie.framework */ = {
			isa = PBXReferenceProxy;
			fileType = wrapper.framework;
			path = Lottie.framework;
			remoteRef = 0DE26E0220B16B1D00A54B9E /* PBXContainerItemProxy */;
			sourceTree = BUILT_PRODUCTS_DIR;
		};
		0DE26E0520B16B1D00A54B9E /* libLottie.a */ = {
			isa = PBXReferenceProxy;
			fileType = archive.ar;
			path = libLottie.a;
			remoteRef = 0DE26E0420B16B1D00A54B9E /* PBXContainerItemProxy */;
			sourceTree = BUILT_PRODUCTS_DIR;
		};
		0DE26E0720B16B1D00A54B9E /* libLottie.a */ = {
			isa = PBXReferenceProxy;
			fileType = archive.ar;
			path = libLottie.a;
			remoteRef = 0DE26E0620B16B1D00A54B9E /* PBXContainerItemProxy */;
			sourceTree = BUILT_PRODUCTS_DIR;
		};
/* End PBXReferenceProxy section */

/* Begin PBXResourcesBuildPhase section */
		0DE26DB220B1691B00A54B9E /* Resources */ = {
			isa = PBXResourcesBuildPhase;
			buildActionMask = 2147483647;
			files = (
				0DE26DC420B1691B00A54B9E /* LaunchScreen.storyboard in Resources */,
				0DE26DC120B1691B00A54B9E /* Assets.xcassets in Resources */,
				C5D165AE2112F0B3004F9F14 /* Lottie_Canvas_Dropdown_01.json in Resources */,
				0DE26DBF20B1691B00A54B9E /* Main.storyboard in Resources */,
			);
			runOnlyForDeploymentPostprocessing = 0;
		};
/* End PBXResourcesBuildPhase section */

/* Begin PBXSourcesBuildPhase section */
		0DE26DB020B1691B00A54B9E /* Sources */ = {
			isa = PBXSourcesBuildPhase;
			buildActionMask = 2147483647;
			files = (
				0DE26DBC20B1691B00A54B9E /* ViewController.m in Sources */,
				0DE26DC720B1691B00A54B9E /* main.m in Sources */,
				0DE26DB920B1691B00A54B9E /* AppDelegate.m in Sources */,
			);
			runOnlyForDeploymentPostprocessing = 0;
		};
/* End PBXSourcesBuildPhase section */

/* Begin PBXVariantGroup section */
		0DE26DBD20B1691B00A54B9E /* Main.storyboard */ = {
			isa = PBXVariantGroup;
			children = (
				0DE26DBE20B1691B00A54B9E /* Base */,
			);
			name = Main.storyboard;
			sourceTree = "<group>";
		};
		0DE26DC220B1691B00A54B9E /* LaunchScreen.storyboard */ = {
			isa = PBXVariantGroup;
			children = (
				0DE26DC320B1691B00A54B9E /* Base */,
			);
			name = LaunchScreen.storyboard;
			sourceTree = "<group>";
		};
/* End PBXVariantGroup section */

/* Begin XCBuildConfiguration section */
		0DE26DC820B1691B00A54B9E /* Debug */ = {
			isa = XCBuildConfiguration;
			buildSettings = {
				ALWAYS_SEARCH_USER_PATHS = NO;
				CLANG_ANALYZER_NONNULL = YES;
				CLANG_ANALYZER_NUMBER_OBJECT_CONVERSION = YES_AGGRESSIVE;
				CLANG_CXX_LANGUAGE_STANDARD = "gnu++14";
				CLANG_CXX_LIBRARY = "libc++";
				CLANG_ENABLE_MODULES = YES;
				CLANG_ENABLE_OBJC_ARC = YES;
				CLANG_ENABLE_OBJC_WEAK = YES;
				CLANG_WARN_BLOCK_CAPTURE_AUTORELEASING = YES;
				CLANG_WARN_BOOL_CONVERSION = YES;
				CLANG_WARN_COMMA = YES;
				CLANG_WARN_CONSTANT_CONVERSION = YES;
				CLANG_WARN_DEPRECATED_OBJC_IMPLEMENTATIONS = YES;
				CLANG_WARN_DIRECT_OBJC_ISA_USAGE = YES_ERROR;
				CLANG_WARN_DOCUMENTATION_COMMENTS = YES;
				CLANG_WARN_EMPTY_BODY = YES;
				CLANG_WARN_ENUM_CONVERSION = YES;
				CLANG_WARN_INFINITE_RECURSION = YES;
				CLANG_WARN_INT_CONVERSION = YES;
				CLANG_WARN_NON_LITERAL_NULL_CONVERSION = YES;
				CLANG_WARN_OBJC_IMPLICIT_RETAIN_SELF = YES;
				CLANG_WARN_OBJC_LITERAL_CONVERSION = YES;
				CLANG_WARN_OBJC_ROOT_CLASS = YES_ERROR;
				CLANG_WARN_RANGE_LOOP_ANALYSIS = YES;
				CLANG_WARN_STRICT_PROTOTYPES = YES;
				CLANG_WARN_SUSPICIOUS_MOVE = YES;
				CLANG_WARN_UNGUARDED_AVAILABILITY = YES_AGGRESSIVE;
				CLANG_WARN_UNREACHABLE_CODE = YES;
				CLANG_WARN__DUPLICATE_METHOD_MATCH = YES;
				CODE_SIGN_IDENTITY = "iPhone Developer";
				COPY_PHASE_STRIP = NO;
				DEBUG_INFORMATION_FORMAT = dwarf;
				ENABLE_STRICT_OBJC_MSGSEND = YES;
				ENABLE_TESTABILITY = YES;
				GCC_C_LANGUAGE_STANDARD = gnu11;
				GCC_DYNAMIC_NO_PIC = NO;
				GCC_NO_COMMON_BLOCKS = YES;
				GCC_OPTIMIZATION_LEVEL = 0;
				GCC_PREPROCESSOR_DEFINITIONS = (
					"DEBUG=1",
					"$(inherited)",
				);
				GCC_WARN_64_TO_32_BIT_CONVERSION = YES;
				GCC_WARN_ABOUT_RETURN_TYPE = YES_ERROR;
				GCC_WARN_UNDECLARED_SELECTOR = YES;
				GCC_WARN_UNINITIALIZED_AUTOS = YES_AGGRESSIVE;
				GCC_WARN_UNUSED_FUNCTION = YES;
				GCC_WARN_UNUSED_VARIABLE = YES;
				HEADER_SEARCH_PATHS = "$(SRCROOT)/Lottie";
				IPHONEOS_DEPLOYMENT_TARGET = 11.3;
				MTL_ENABLE_DEBUG_INFO = YES;
				ONLY_ACTIVE_ARCH = YES;
				SDKROOT = iphoneos;
			};
			name = Debug;
		};
		0DE26DC920B1691B00A54B9E /* Release */ = {
			isa = XCBuildConfiguration;
			buildSettings = {
				ALWAYS_SEARCH_USER_PATHS = NO;
				CLANG_ANALYZER_NONNULL = YES;
				CLANG_ANALYZER_NUMBER_OBJECT_CONVERSION = YES_AGGRESSIVE;
				CLANG_CXX_LANGUAGE_STANDARD = "gnu++14";
				CLANG_CXX_LIBRARY = "libc++";
				CLANG_ENABLE_MODULES = YES;
				CLANG_ENABLE_OBJC_ARC = YES;
				CLANG_ENABLE_OBJC_WEAK = YES;
				CLANG_WARN_BLOCK_CAPTURE_AUTORELEASING = YES;
				CLANG_WARN_BOOL_CONVERSION = YES;
				CLANG_WARN_COMMA = YES;
				CLANG_WARN_CONSTANT_CONVERSION = YES;
				CLANG_WARN_DEPRECATED_OBJC_IMPLEMENTATIONS = YES;
				CLANG_WARN_DIRECT_OBJC_ISA_USAGE = YES_ERROR;
				CLANG_WARN_DOCUMENTATION_COMMENTS = YES;
				CLANG_WARN_EMPTY_BODY = YES;
				CLANG_WARN_ENUM_CONVERSION = YES;
				CLANG_WARN_INFINITE_RECURSION = YES;
				CLANG_WARN_INT_CONVERSION = YES;
				CLANG_WARN_NON_LITERAL_NULL_CONVERSION = YES;
				CLANG_WARN_OBJC_IMPLICIT_RETAIN_SELF = YES;
				CLANG_WARN_OBJC_LITERAL_CONVERSION = YES;
				CLANG_WARN_OBJC_ROOT_CLASS = YES_ERROR;
				CLANG_WARN_RANGE_LOOP_ANALYSIS = YES;
				CLANG_WARN_STRICT_PROTOTYPES = YES;
				CLANG_WARN_SUSPICIOUS_MOVE = YES;
				CLANG_WARN_UNGUARDED_AVAILABILITY = YES_AGGRESSIVE;
				CLANG_WARN_UNREACHABLE_CODE = YES;
				CLANG_WARN__DUPLICATE_METHOD_MATCH = YES;
				CODE_SIGN_IDENTITY = "iPhone Developer";
				COPY_PHASE_STRIP = NO;
				DEBUG_INFORMATION_FORMAT = "dwarf-with-dsym";
				ENABLE_NS_ASSERTIONS = NO;
				ENABLE_STRICT_OBJC_MSGSEND = YES;
				GCC_C_LANGUAGE_STANDARD = gnu11;
				GCC_NO_COMMON_BLOCKS = YES;
				GCC_WARN_64_TO_32_BIT_CONVERSION = YES;
				GCC_WARN_ABOUT_RETURN_TYPE = YES_ERROR;
				GCC_WARN_UNDECLARED_SELECTOR = YES;
				GCC_WARN_UNINITIALIZED_AUTOS = YES_AGGRESSIVE;
				GCC_WARN_UNUSED_FUNCTION = YES;
				GCC_WARN_UNUSED_VARIABLE = YES;
				HEADER_SEARCH_PATHS = "$(SRCROOT)/Lottie";
				IPHONEOS_DEPLOYMENT_TARGET = 11.3;
				MTL_ENABLE_DEBUG_INFO = NO;
				SDKROOT = iphoneos;
				VALIDATE_PRODUCT = YES;
			};
			name = Release;
		};
		0DE26DCB20B1691B00A54B9E /* Debug */ = {
			isa = XCBuildConfiguration;
			buildSettings = {
				ASSETCATALOG_COMPILER_APPICON_NAME = AppIcon;
				CODE_SIGN_STYLE = Automatic;
				INFOPLIST_FILE = LottiePlayground/Info.plist;
				LD_RUNPATH_SEARCH_PATHS = (
					"$(inherited)",
					"@executable_path/Frameworks",
				);
				PRODUCT_BUNDLE_IDENTIFIER = Zur.LottiePlayground;
				PRODUCT_NAME = "$(TARGET_NAME)";
				TARGETED_DEVICE_FAMILY = "1,2";
			};
			name = Debug;
		};
		0DE26DCC20B1691B00A54B9E /* Release */ = {
			isa = XCBuildConfiguration;
			buildSettings = {
				ASSETCATALOG_COMPILER_APPICON_NAME = AppIcon;
				CODE_SIGN_STYLE = Automatic;
				INFOPLIST_FILE = LottiePlayground/Info.plist;
				LD_RUNPATH_SEARCH_PATHS = (
					"$(inherited)",
					"@executable_path/Frameworks",
				);
				PRODUCT_BUNDLE_IDENTIFIER = Zur.LottiePlayground;
				PRODUCT_NAME = "$(TARGET_NAME)";
				TARGETED_DEVICE_FAMILY = "1,2";
			};
			name = Release;
		};
/* End XCBuildConfiguration section */

/* Begin XCConfigurationList section */
		0DE26DAF20B1691B00A54B9E /* Build configuration list for PBXProject "LottiePlayground" */ = {
			isa = XCConfigurationList;
			buildConfigurations = (
				0DE26DC820B1691B00A54B9E /* Debug */,
				0DE26DC920B1691B00A54B9E /* Release */,
			);
			defaultConfigurationIsVisible = 0;
			defaultConfigurationName = Release;
		};
		0DE26DCA20B1691B00A54B9E /* Build configuration list for PBXNativeTarget "LottiePlayground" */ = {
			isa = XCConfigurationList;
			buildConfigurations = (
				0DE26DCB20B1691B00A54B9E /* Debug */,
				0DE26DCC20B1691B00A54B9E /* Release */,
			);
			defaultConfigurationIsVisible = 0;
			defaultConfigurationName = Release;
		};
/* End XCConfigurationList section */
	};
	rootObject = 0DE26DAC20B1691B00A54B9E /* Project object */;
}
